
Microsoft Visual Studio Solution File, Format Version 12.00
# Visual Studio Version 16
VisualStudioVersion = 16.0.29926.136
MinimumVisualStudioVersion = 15.0.26124.0
Project("{2150E333-8FDC-42A3-9474-1A3956D46DE8}") = "Core", "Core", "{32BC4B9D-75A2-4E6C-8489-79A54FFEF181}"
EndProject
Project("{2150E333-8FDC-42A3-9474-1A3956D46DE8}") = "Interfaces", "Interfaces", "{2E2E0E7D-A939-4691-AFEF-CAC2B69F3D39}"
EndProject
Project("{9A19103F-16F7-4668-BE54-9A1E7A4F7556}") = "ConfigController", "Core\ConfigController\ConfigController.csproj", "{AC2F7C0E-ABF1-4192-9CE2-0E62127E84F5}"
EndProject
Project("{9A19103F-16F7-4668-BE54-9A1E7A4F7556}") = "DataBaseController", "Core\DataBaseController\DataBaseController.csproj", "{5FA2327C-5699-4C0E-AE3D-99C75E0A3582}"
EndProject
Project("{9A19103F-16F7-4668-BE54-9A1E7A4F7556}") = "KurosawaCore", "Core\KurosawaCore\KurosawaCore.csproj", "{D63D70C3-E7C5-4707-90DB-5F9F82A13878}"
EndProject
Project("{9A19103F-16F7-4668-BE54-9A1E7A4F7556}") = "ConsoleNetCore", "Interfaces\ConsoleNetCore\ConsoleNetCore.csproj", "{15611B82-283C-4C51-99CB-B2D15ED7F3A9}"
EndProject
Project("{9A19103F-16F7-4668-BE54-9A1E7A4F7556}") = "WpfNetCore", "Interfaces\WpfNetCore\WpfNetCore.csproj", "{A45EE9F0-B42F-489E-99A0-53EA44A7C793}"
EndProject
Project("{9A19103F-16F7-4668-BE54-9A1E7A4F7556}") = "DSharpPlus", "Core\DSharpPlus\DSharpPlus.csproj", "{C5BDB230-97C7-4260-BDE0-0B569A7E9114}"
EndProject
Project("{9A19103F-16F7-4668-BE54-9A1E7A4F7556}") = "DSharpPlus.CommandsNext", "Core\DSharpPlus.CommandsNext\DSharpPlus.CommandsNext.csproj", "{FEF3D6B1-47BF-464A-89BC-DADE9267A666}"
EndProject
Project("{9A19103F-16F7-4668-BE54-9A1E7A4F7556}") = "DSharpPlus.Interactivity", "Core\DSharpPlus.Interactivity\DSharpPlus.Interactivity.csproj", "{14036ECB-0106-44D6-B1F8-BE1FBFEE5A6F}"
EndProject
Global
	GlobalSection(SolutionConfigurationPlatforms) = preSolution
		Debug|Any CPU = Debug|Any CPU
		Release|Any CPU = Release|Any CPU
	EndGlobalSection
	GlobalSection(ProjectConfigurationPlatforms) = postSolution
		{AC2F7C0E-ABF1-4192-9CE2-0E62127E84F5}.Debug|Any CPU.ActiveCfg = Debug|Any CPU
		{AC2F7C0E-ABF1-4192-9CE2-0E62127E84F5}.Debug|Any CPU.Build.0 = Debug|Any CPU
		{AC2F7C0E-ABF1-4192-9CE2-0E62127E84F5}.Release|Any CPU.ActiveCfg = Release|Any CPU
		{AC2F7C0E-ABF1-4192-9CE2-0E62127E84F5}.Release|Any CPU.Build.0 = Release|Any CPU
		{5FA2327C-5699-4C0E-AE3D-99C75E0A3582}.Debug|Any CPU.ActiveCfg = Debug|Any CPU
		{5FA2327C-5699-4C0E-AE3D-99C75E0A3582}.Debug|Any CPU.Build.0 = Debug|Any CPU
		{5FA2327C-5699-4C0E-AE3D-99C75E0A3582}.Release|Any CPU.ActiveCfg = Release|Any CPU
		{5FA2327C-5699-4C0E-AE3D-99C75E0A3582}.Release|Any CPU.Build.0 = Release|Any CPU
		{D63D70C3-E7C5-4707-90DB-5F9F82A13878}.Debug|Any CPU.ActiveCfg = Debug|Any CPU
		{D63D70C3-E7C5-4707-90DB-5F9F82A13878}.Debug|Any CPU.Build.0 = Debug|Any CPU
		{D63D70C3-E7C5-4707-90DB-5F9F82A13878}.Release|Any CPU.ActiveCfg = Release|Any CPU
		{D63D70C3-E7C5-4707-90DB-5F9F82A13878}.Release|Any CPU.Build.0 = Release|Any CPU
		{15611B82-283C-4C51-99CB-B2D15ED7F3A9}.Debug|Any CPU.ActiveCfg = Debug|Any CPU
		{15611B82-283C-4C51-99CB-B2D15ED7F3A9}.Debug|Any CPU.Build.0 = Debug|Any CPU
		{15611B82-283C-4C51-99CB-B2D15ED7F3A9}.Release|Any CPU.ActiveCfg = Release|Any CPU
		{15611B82-283C-4C51-99CB-B2D15ED7F3A9}.Release|Any CPU.Build.0 = Release|Any CPU
		{A45EE9F0-B42F-489E-99A0-53EA44A7C793}.Debug|Any CPU.ActiveCfg = Debug|Any CPU
		{A45EE9F0-B42F-489E-99A0-53EA44A7C793}.Debug|Any CPU.Build.0 = Debug|Any CPU
		{A45EE9F0-B42F-489E-99A0-53EA44A7C793}.Release|Any CPU.ActiveCfg = Release|Any CPU
		{A45EE9F0-B42F-489E-99A0-53EA44A7C793}.Release|Any CPU.Build.0 = Release|Any CPU
		{C5BDB230-97C7-4260-BDE0-0B569A7E9114}.Debug|Any CPU.ActiveCfg = Debug|Any CPU
		{C5BDB230-97C7-4260-BDE0-0B569A7E9114}.Debug|Any CPU.Build.0 = Debug|Any CPU
		{C5BDB230-97C7-4260-BDE0-0B569A7E9114}.Release|Any CPU.ActiveCfg = Release|Any CPU
		{C5BDB230-97C7-4260-BDE0-0B569A7E9114}.Release|Any CPU.Build.0 = Release|Any CPU
		{FEF3D6B1-47BF-464A-89BC-DADE9267A666}.Debug|Any CPU.ActiveCfg = Debug|Any CPU
		{FEF3D6B1-47BF-464A-89BC-DADE9267A666}.Debug|Any CPU.Build.0 = Debug|Any CPU
		{FEF3D6B1-47BF-464A-89BC-DADE9267A666}.Release|Any CPU.ActiveCfg = Release|Any CPU
		{FEF3D6B1-47BF-464A-89BC-DADE9267A666}.Release|Any CPU.Build.0 = Release|Any CPU
		{14036ECB-0106-44D6-B1F8-BE1FBFEE5A6F}.Debug|Any CPU.ActiveCfg = Debug|Any CPU
		{14036ECB-0106-44D6-B1F8-BE1FBFEE5A6F}.Debug|Any CPU.Build.0 = Debug|Any CPU
		{14036ECB-0106-44D6-B1F8-BE1FBFEE5A6F}.Release|Any CPU.ActiveCfg = Release|Any CPU
		{14036ECB-0106-44D6-B1F8-BE1FBFEE5A6F}.Release|Any CPU.Build.0 = Release|Any CPU
	EndGlobalSection
	GlobalSection(SolutionProperties) = preSolution
		HideSolutionNode = FALSE
	EndGlobalSection
	GlobalSection(NestedProjects) = preSolution
		{AC2F7C0E-ABF1-4192-9CE2-0E62127E84F5} = {32BC4B9D-75A2-4E6C-8489-79A54FFEF181}
		{5FA2327C-5699-4C0E-AE3D-99C75E0A3582} = {32BC4B9D-75A2-4E6C-8489-79A54FFEF181}
		{D63D70C3-E7C5-4707-90DB-5F9F82A13878} = {32BC4B9D-75A2-4E6C-8489-79A54FFEF181}
		{15611B82-283C-4C51-99CB-B2D15ED7F3A9} = {2E2E0E7D-A939-4691-AFEF-CAC2B69F3D39}
		{A45EE9F0-B42F-489E-99A0-53EA44A7C793} = {2E2E0E7D-A939-4691-AFEF-CAC2B69F3D39}
		{C5BDB230-97C7-4260-BDE0-0B569A7E9114} = {32BC4B9D-75A2-4E6C-8489-79A54FFEF181}
		{FEF3D6B1-47BF-464A-89BC-DADE9267A666} = {32BC4B9D-75A2-4E6C-8489-79A54FFEF181}
		{14036ECB-0106-44D6-B1F8-BE1FBFEE5A6F} = {32BC4B9D-75A2-4E6C-8489-79A54FFEF181}
	EndGlobalSection
	GlobalSection(ExtensibilityGlobals) = postSolution
		SolutionGuid = {BBEB7401-2DC2-41A7-8976-05000080A1CE}
	EndGlobalSection
EndGlobal
