
Microsoft Visual Studio Solution File, Format Version 12.00
# Visual Studio Version 16
VisualStudioVersion = 16.0.28803.352
MinimumVisualStudioVersion = 10.0.40219.1
Project("{9A19103F-16F7-4668-BE54-9A1E7A4F7556}") = "Bot", "Bot\Bot.csproj", "{FB50B6AD-C54E-4EC4-8F62-101CA680EF4D}"
	ProjectSection(ProjectDependencies) = postProject
		{870B3D6C-1FF6-4401-A02B-F001F9560501} = {870B3D6C-1FF6-4401-A02B-F001F9560501}
		{D0E6F0C9-549E-4CB0-AFF7-5E2A62503F23} = {D0E6F0C9-549E-4CB0-AFF7-5E2A62503F23}
	EndProjectSection
EndProject
Project("{FAE04EC0-301F-11D3-BF4B-00C04F79EFBC}") = "WindowsGUI", "LauncherGUI\WindowsGUI.csproj", "{3C6D7A06-8F63-47DB-B6DD-6A96A3FECAE4}"
EndProject
Project("{9A19103F-16F7-4668-BE54-9A1E7A4F7556}") = "NetCoreGUI", "NetCoreGUI\NetCoreGUI.csproj", "{9E27EC92-BFDE-46DD-8AF9-F78ED8D3D426}"
EndProject
Project("{9A19103F-16F7-4668-BE54-9A1E7A4F7556}") = "ConfigurationControler", "ConfigurationControler\ConfigurationControler.csproj", "{D0E6F0C9-549E-4CB0-AFF7-5E2A62503F23}"
EndProject
Project("{9A19103F-16F7-4668-BE54-9A1E7A4F7556}") = "MainDatabaseControler", "MainDatabaseControler\MainDatabaseControler.csproj", "{870B3D6C-1FF6-4401-A02B-F001F9560501}"
	ProjectSection(ProjectDependencies) = postProject
		{D0E6F0C9-549E-4CB0-AFF7-5E2A62503F23} = {D0E6F0C9-549E-4CB0-AFF7-5E2A62503F23}
	EndProjectSection
EndProject
Global
	GlobalSection(SolutionConfigurationPlatforms) = preSolution
		Debug|Any CPU = Debug|Any CPU
		Release|Any CPU = Release|Any CPU
	EndGlobalSection
	GlobalSection(ProjectConfigurationPlatforms) = postSolution
		{FB50B6AD-C54E-4EC4-8F62-101CA680EF4D}.Debug|Any CPU.ActiveCfg = Debug|Any CPU
		{FB50B6AD-C54E-4EC4-8F62-101CA680EF4D}.Debug|Any CPU.Build.0 = Debug|Any CPU
		{FB50B6AD-C54E-4EC4-8F62-101CA680EF4D}.Release|Any CPU.ActiveCfg = Release|Any CPU
		{FB50B6AD-C54E-4EC4-8F62-101CA680EF4D}.Release|Any CPU.Build.0 = Release|Any CPU
		{3C6D7A06-8F63-47DB-B6DD-6A96A3FECAE4}.Debug|Any CPU.ActiveCfg = Debug|Any CPU
		{3C6D7A06-8F63-47DB-B6DD-6A96A3FECAE4}.Debug|Any CPU.Build.0 = Debug|Any CPU
		{3C6D7A06-8F63-47DB-B6DD-6A96A3FECAE4}.Release|Any CPU.ActiveCfg = Release|Any CPU
		{3C6D7A06-8F63-47DB-B6DD-6A96A3FECAE4}.Release|Any CPU.Build.0 = Release|Any CPU
		{9E27EC92-BFDE-46DD-8AF9-F78ED8D3D426}.Debug|Any CPU.ActiveCfg = Debug|Any CPU
		{9E27EC92-BFDE-46DD-8AF9-F78ED8D3D426}.Debug|Any CPU.Build.0 = Debug|Any CPU
		{9E27EC92-BFDE-46DD-8AF9-F78ED8D3D426}.Release|Any CPU.ActiveCfg = Release|Any CPU
		{9E27EC92-BFDE-46DD-8AF9-F78ED8D3D426}.Release|Any CPU.Build.0 = Release|Any CPU
		{D0E6F0C9-549E-4CB0-AFF7-5E2A62503F23}.Debug|Any CPU.ActiveCfg = Debug|Any CPU
		{D0E6F0C9-549E-4CB0-AFF7-5E2A62503F23}.Debug|Any CPU.Build.0 = Debug|Any CPU
		{D0E6F0C9-549E-4CB0-AFF7-5E2A62503F23}.Release|Any CPU.ActiveCfg = Release|Any CPU
		{D0E6F0C9-549E-4CB0-AFF7-5E2A62503F23}.Release|Any CPU.Build.0 = Release|Any CPU
		{870B3D6C-1FF6-4401-A02B-F001F9560501}.Debug|Any CPU.ActiveCfg = Debug|Any CPU
		{870B3D6C-1FF6-4401-A02B-F001F9560501}.Debug|Any CPU.Build.0 = Debug|Any CPU
		{870B3D6C-1FF6-4401-A02B-F001F9560501}.Release|Any CPU.ActiveCfg = Release|Any CPU
		{870B3D6C-1FF6-4401-A02B-F001F9560501}.Release|Any CPU.Build.0 = Release|Any CPU
	EndGlobalSection
	GlobalSection(SolutionProperties) = preSolution
		HideSolutionNode = FALSE
	EndGlobalSection
	GlobalSection(ExtensibilityGlobals) = postSolution
		SolutionGuid = {8B9CB2C6-AFE9-4002-8400-EC810469D18E}
	EndGlobalSection
EndGlobal
